// !$*UTF8*$!
{
	archiveVersion = 1;
	classes = {
	};
	objectVersion = 51;
	objects = {

/* Begin PBXBuildFile section */
		234A3F16332BE87511337EC9 /* Pods_SEESAdmin.framework in Frameworks */ = {isa = PBXBuildFile; fileRef = 6E45BA8A9D80F5A15B61DB0E /* Pods_SEESAdmin.framework */; };
		EE05291B257DC30F00200184 /* SidebarViewController.swift in Sources */ = {isa = PBXBuildFile; fileRef = EE05291A257DC30F00200184 /* SidebarViewController.swift */; };
		EE05291F257DE6F900200184 /* DataDetailViewController.swift in Sources */ = {isa = PBXBuildFile; fileRef = EE05291E257DE6F900200184 /* DataDetailViewController.swift */; };
		EE052922257DE75800200184 /* SplitViewDelgate.swift in Sources */ = {isa = PBXBuildFile; fileRef = EE052921257DE75800200184 /* SplitViewDelgate.swift */; };
		EE3578BB25A8078E00B3AF24 /* SnapshotEXT.swift in Sources */ = {isa = PBXBuildFile; fileRef = EE3578BA25A8078E00B3AF24 /* SnapshotEXT.swift */; };
		EE382A1D25A1167900A6809F /* EmptyStateVC.swift in Sources */ = {isa = PBXBuildFile; fileRef = EE382A1C25A1167900A6809F /* EmptyStateVC.swift */; };
		EE4742B0258D3FC2009BC70E /* TextFieldCell.swift in Sources */ = {isa = PBXBuildFile; fileRef = EE4742AF258D3FC2009BC70E /* TextFieldCell.swift */; };
		EE4742B5258D4168009BC70E /* DatePickerCell.swift in Sources */ = {isa = PBXBuildFile; fileRef = EE4742B4258D4168009BC70E /* DatePickerCell.swift */; };
		EE4742C6258D6F0B009BC70E /* ValidationChecker.swift in Sources */ = {isa = PBXBuildFile; fileRef = EE4742C5258D6F0B009BC70E /* ValidationChecker.swift */; };
		EE4742C9258D754C009BC70E /* NSRegularExpressionExt.swift in Sources */ = {isa = PBXBuildFile; fileRef = EE4742C8258D754C009BC70E /* NSRegularExpressionExt.swift */; };
		EE55A51325A4EFE3001FFDB6 /* RACExt.swift in Sources */ = {isa = PBXBuildFile; fileRef = EE55A51225A4EFE3001FFDB6 /* RACExt.swift */; };
		EE55A51625A5126A001FFDB6 /* DataModel.swift in Sources */ = {isa = PBXBuildFile; fileRef = EE55A51525A5126A001FFDB6 /* DataModel.swift */; };
		EE71A51E257EF5DB002BA583 /* NetworkManager.swift in Sources */ = {isa = PBXBuildFile; fileRef = EE71A51D257EF5DB002BA583 /* NetworkManager.swift */; };
		EE71A52C257EF6A1002BA583 /* Enums.swift in Sources */ = {isa = PBXBuildFile; fileRef = EE71A52B257EF6A1002BA583 /* Enums.swift */; };
		EE71A532257EF75B002BA583 /* StringExt.swift in Sources */ = {isa = PBXBuildFile; fileRef = EE71A530257EF75B002BA583 /* StringExt.swift */; };
		EE71A533257EF75B002BA583 /* DateExt.swift in Sources */ = {isa = PBXBuildFile; fileRef = EE71A531257EF75B002BA583 /* DateExt.swift */; };
		EE946902257DB3C400E9730A /* AppDelegate.swift in Sources */ = {isa = PBXBuildFile; fileRef = EE946901257DB3C400E9730A /* AppDelegate.swift */; };
		EE946904257DB3C400E9730A /* SceneDelegate.swift in Sources */ = {isa = PBXBuildFile; fileRef = EE946903257DB3C400E9730A /* SceneDelegate.swift */; };
		EE946906257DB3C400E9730A /* DataListViewController.swift in Sources */ = {isa = PBXBuildFile; fileRef = EE946905257DB3C400E9730A /* DataListViewController.swift */; };
		EE946909257DB3C400E9730A /* Main.storyboard in Resources */ = {isa = PBXBuildFile; fileRef = EE946907257DB3C400E9730A /* Main.storyboard */; };
		EE94690B257DB3C500E9730A /* Assets.xcassets in Resources */ = {isa = PBXBuildFile; fileRef = EE94690A257DB3C500E9730A /* Assets.xcassets */; };
		EE94690E257DB3C500E9730A /* LaunchScreen.storyboard in Resources */ = {isa = PBXBuildFile; fileRef = EE94690C257DB3C500E9730A /* LaunchScreen.storyboard */; };
		EE946918257DB45000E9730A /* GoogleService-Info.plist in Resources */ = {isa = PBXBuildFile; fileRef = EE946917257DB45000E9730A /* GoogleService-Info.plist */; };
		EE96E00C2583349200F4D4A3 /* UIViewControllerExt.swift in Sources */ = {isa = PBXBuildFile; fileRef = EE96E00B2583349200F4D4A3 /* UIViewControllerExt.swift */; };
		EE96E00F258334AE00F4D4A3 /* UIViewExtension.swift in Sources */ = {isa = PBXBuildFile; fileRef = EE96E00E258334AE00F4D4A3 /* UIViewExtension.swift */; };
		EE9A5FA5258AF268002D49F8 /* DataEditingViewController.swift in Sources */ = {isa = PBXBuildFile; fileRef = EE9A5FA4258AF268002D49F8 /* DataEditingViewController.swift */; };
		EE9B18AA258172AC00076769 /* UIHelper.swift in Sources */ = {isa = PBXBuildFile; fileRef = EE9B18A9258172AC00076769 /* UIHelper.swift */; };
/* End PBXBuildFile section */

/* Begin PBXFileReference section */
		6E45BA8A9D80F5A15B61DB0E /* Pods_SEESAdmin.framework */ = {isa = PBXFileReference; explicitFileType = wrapper.framework; includeInIndex = 0; path = Pods_SEESAdmin.framework; sourceTree = BUILT_PRODUCTS_DIR; };
		6F5B050ABFD64E46A3B5DB2D /* Pods-SEESAdmin.release.xcconfig */ = {isa = PBXFileReference; includeInIndex = 1; lastKnownFileType = text.xcconfig; name = "Pods-SEESAdmin.release.xcconfig"; path = "Target Support Files/Pods-SEESAdmin/Pods-SEESAdmin.release.xcconfig"; sourceTree = "<group>"; };
		AB48D3F23D94C8A97611B696 /* Pods-SEESAdmin.debug.xcconfig */ = {isa = PBXFileReference; includeInIndex = 1; lastKnownFileType = text.xcconfig; name = "Pods-SEESAdmin.debug.xcconfig"; path = "Target Support Files/Pods-SEESAdmin/Pods-SEESAdmin.debug.xcconfig"; sourceTree = "<group>"; };
		EE05291A257DC30F00200184 /* SidebarViewController.swift */ = {isa = PBXFileReference; lastKnownFileType = sourcecode.swift; path = SidebarViewController.swift; sourceTree = "<group>"; };
		EE05291E257DE6F900200184 /* DataDetailViewController.swift */ = {isa = PBXFileReference; lastKnownFileType = sourcecode.swift; path = DataDetailViewController.swift; sourceTree = "<group>"; };
		EE052921257DE75800200184 /* SplitViewDelgate.swift */ = {isa = PBXFileReference; lastKnownFileType = sourcecode.swift; path = SplitViewDelgate.swift; sourceTree = "<group>"; };
		EE3578BA25A8078E00B3AF24 /* SnapshotEXT.swift */ = {isa = PBXFileReference; lastKnownFileType = sourcecode.swift; path = SnapshotEXT.swift; sourceTree = "<group>"; };
		EE382A1C25A1167900A6809F /* EmptyStateVC.swift */ = {isa = PBXFileReference; lastKnownFileType = sourcecode.swift; path = EmptyStateVC.swift; sourceTree = "<group>"; };
		EE4742AF258D3FC2009BC70E /* TextFieldCell.swift */ = {isa = PBXFileReference; lastKnownFileType = sourcecode.swift; path = TextFieldCell.swift; sourceTree = "<group>"; };
		EE4742B4258D4168009BC70E /* DatePickerCell.swift */ = {isa = PBXFileReference; lastKnownFileType = sourcecode.swift; path = DatePickerCell.swift; sourceTree = "<group>"; };
		EE4742C5258D6F0B009BC70E /* ValidationChecker.swift */ = {isa = PBXFileReference; lastKnownFileType = sourcecode.swift; path = ValidationChecker.swift; sourceTree = "<group>"; };
		EE4742C8258D754C009BC70E /* NSRegularExpressionExt.swift */ = {isa = PBXFileReference; fileEncoding = 4; lastKnownFileType = sourcecode.swift; path = NSRegularExpressionExt.swift; sourceTree = "<group>"; };
		EE55A51225A4EFE3001FFDB6 /* RACExt.swift */ = {isa = PBXFileReference; lastKnownFileType = sourcecode.swift; path = RACExt.swift; sourceTree = "<group>"; };
		EE55A51525A5126A001FFDB6 /* DataModel.swift */ = {isa = PBXFileReference; lastKnownFileType = sourcecode.swift; path = DataModel.swift; sourceTree = "<group>"; };
		EE71A51D257EF5DB002BA583 /* NetworkManager.swift */ = {isa = PBXFileReference; lastKnownFileType = sourcecode.swift; path = NetworkManager.swift; sourceTree = "<group>"; };
		EE71A52B257EF6A1002BA583 /* Enums.swift */ = {isa = PBXFileReference; lastKnownFileType = sourcecode.swift; path = Enums.swift; sourceTree = "<group>"; };
		EE71A530257EF75B002BA583 /* StringExt.swift */ = {isa = PBXFileReference; fileEncoding = 4; lastKnownFileType = sourcecode.swift; path = StringExt.swift; sourceTree = "<group>"; };
		EE71A531257EF75B002BA583 /* DateExt.swift */ = {isa = PBXFileReference; fileEncoding = 4; lastKnownFileType = sourcecode.swift; path = DateExt.swift; sourceTree = "<group>"; };
		EE9468FE257DB3C400E9730A /* SEESAdmin.app */ = {isa = PBXFileReference; explicitFileType = wrapper.application; includeInIndex = 0; path = SEESAdmin.app; sourceTree = BUILT_PRODUCTS_DIR; };
		EE946901257DB3C400E9730A /* AppDelegate.swift */ = {isa = PBXFileReference; lastKnownFileType = sourcecode.swift; path = AppDelegate.swift; sourceTree = "<group>"; };
		EE946903257DB3C400E9730A /* SceneDelegate.swift */ = {isa = PBXFileReference; lastKnownFileType = sourcecode.swift; path = SceneDelegate.swift; sourceTree = "<group>"; };
		EE946905257DB3C400E9730A /* DataListViewController.swift */ = {isa = PBXFileReference; lastKnownFileType = sourcecode.swift; path = DataListViewController.swift; sourceTree = "<group>"; };
		EE946908257DB3C400E9730A /* Base */ = {isa = PBXFileReference; lastKnownFileType = file.storyboard; name = Base; path = Base.lproj/Main.storyboard; sourceTree = "<group>"; };
		EE94690A257DB3C500E9730A /* Assets.xcassets */ = {isa = PBXFileReference; lastKnownFileType = folder.assetcatalog; path = Assets.xcassets; sourceTree = "<group>"; };
		EE94690D257DB3C500E9730A /* Base */ = {isa = PBXFileReference; lastKnownFileType = file.storyboard; name = Base; path = Base.lproj/LaunchScreen.storyboard; sourceTree = "<group>"; };
		EE94690F257DB3C500E9730A /* Info.plist */ = {isa = PBXFileReference; lastKnownFileType = text.plist.xml; path = Info.plist; sourceTree = "<group>"; };
		EE946917257DB45000E9730A /* GoogleService-Info.plist */ = {isa = PBXFileReference; fileEncoding = 4; lastKnownFileType = text.plist.xml; path = "GoogleService-Info.plist"; sourceTree = "<group>"; };
		EE96E00B2583349200F4D4A3 /* UIViewControllerExt.swift */ = {isa = PBXFileReference; fileEncoding = 4; lastKnownFileType = sourcecode.swift; path = UIViewControllerExt.swift; sourceTree = "<group>"; };
		EE96E00E258334AE00F4D4A3 /* UIViewExtension.swift */ = {isa = PBXFileReference; fileEncoding = 4; lastKnownFileType = sourcecode.swift; path = UIViewExtension.swift; sourceTree = "<group>"; };
		EE9A5FA4258AF268002D49F8 /* DataEditingViewController.swift */ = {isa = PBXFileReference; lastKnownFileType = sourcecode.swift; path = DataEditingViewController.swift; sourceTree = "<group>"; };
		EE9B18A9258172AC00076769 /* UIHelper.swift */ = {isa = PBXFileReference; lastKnownFileType = sourcecode.swift; path = UIHelper.swift; sourceTree = "<group>"; };
/* End PBXFileReference section */

/* Begin PBXFrameworksBuildPhase section */
		EE9468FB257DB3C400E9730A /* Frameworks */ = {
			isa = PBXFrameworksBuildPhase;
			buildActionMask = 2147483647;
			files = (
				234A3F16332BE87511337EC9 /* Pods_SEESAdmin.framework in Frameworks */,
			);
			runOnlyForDeploymentPostprocessing = 0;
		};
/* End PBXFrameworksBuildPhase section */

/* Begin PBXGroup section */
		1EF81CC416BCAB97F4F4590F /* Pods */ = {
			isa = PBXGroup;
			children = (
				AB48D3F23D94C8A97611B696 /* Pods-SEESAdmin.debug.xcconfig */,
				6F5B050ABFD64E46A3B5DB2D /* Pods-SEESAdmin.release.xcconfig */,
			);
			path = Pods;
			sourceTree = "<group>";
		};
		B57B67B5F908A895BECE2E68 /* Frameworks */ = {
			isa = PBXGroup;
			children = (
				6E45BA8A9D80F5A15B61DB0E /* Pods_SEESAdmin.framework */,
			);
			name = Frameworks;
			sourceTree = "<group>";
		};
		EE4742AE258D3FB3009BC70E /* Cells */ = {
			isa = PBXGroup;
			children = (
				EE4742AF258D3FC2009BC70E /* TextFieldCell.swift */,
				EE4742B4258D4168009BC70E /* DatePickerCell.swift */,
			);
			path = Cells;
			sourceTree = "<group>";
		};
		EE71A51C257EF5D2002BA583 /* Managers */ = {
			isa = PBXGroup;
			children = (
				EE71A51D257EF5DB002BA583 /* NetworkManager.swift */,
				EE4742C5258D6F0B009BC70E /* ValidationChecker.swift */,
			);
			path = Managers;
			sourceTree = "<group>";
		};
		EE71A520257EF653002BA583 /* Models */ = {
			isa = PBXGroup;
			children = (
				EE55A51525A5126A001FFDB6 /* DataModel.swift */,
			);
			path = Models;
			sourceTree = "<group>";
		};
		EE71A52A257EF693002BA583 /* Utilities */ = {
			isa = PBXGroup;
			children = (
				EE71A52B257EF6A1002BA583 /* Enums.swift */,
				EE9B18A9258172AC00076769 /* UIHelper.swift */,
			);
			path = Utilities;
			sourceTree = "<group>";
		};
		EE71A52F257EF741002BA583 /* Extensions */ = {
			isa = PBXGroup;
			children = (
				EE96E00E258334AE00F4D4A3 /* UIViewExtension.swift */,
				EE71A531257EF75B002BA583 /* DateExt.swift */,
				EE71A530257EF75B002BA583 /* StringExt.swift */,
				EE96E00B2583349200F4D4A3 /* UIViewControllerExt.swift */,
				EE4742C8258D754C009BC70E /* NSRegularExpressionExt.swift */,
				EE55A51225A4EFE3001FFDB6 /* RACExt.swift */,
				EE3578BA25A8078E00B3AF24 /* SnapshotEXT.swift */,
			);
			path = Extensions;
			sourceTree = "<group>";
		};
		EE9468F5257DB3C400E9730A = {
			isa = PBXGroup;
			children = (
				EE946900257DB3C400E9730A /* SEESAdmin */,
				EE9468FF257DB3C400E9730A /* Products */,
				1EF81CC416BCAB97F4F4590F /* Pods */,
				B57B67B5F908A895BECE2E68 /* Frameworks */,
			);
			sourceTree = "<group>";
		};
		EE9468FF257DB3C400E9730A /* Products */ = {
			isa = PBXGroup;
			children = (
				EE9468FE257DB3C400E9730A /* SEESAdmin.app */,
			);
			name = Products;
			sourceTree = "<group>";
		};
		EE946900257DB3C400E9730A /* SEESAdmin */ = {
			isa = PBXGroup;
			children = (
				EE9B18A52581375100076769 /* Custom Views */,
				EE71A52F257EF741002BA583 /* Extensions */,
				EE71A52A257EF693002BA583 /* Utilities */,
				EE71A520257EF653002BA583 /* Models */,
				EE71A51C257EF5D2002BA583 /* Managers */,
				EE946901257DB3C400E9730A /* AppDelegate.swift */,
				EE946903257DB3C400E9730A /* SceneDelegate.swift */,
				EE946905257DB3C400E9730A /* DataListViewController.swift */,
				EE946907257DB3C400E9730A /* Main.storyboard */,
				EE94690A257DB3C500E9730A /* Assets.xcassets */,
				EE94690C257DB3C500E9730A /* LaunchScreen.storyboard */,
				EE94690F257DB3C500E9730A /* Info.plist */,
				EE946917257DB45000E9730A /* GoogleService-Info.plist */,
				EE05291A257DC30F00200184 /* SidebarViewController.swift */,
				EE05291E257DE6F900200184 /* DataDetailViewController.swift */,
				EE052921257DE75800200184 /* SplitViewDelgate.swift */,
				EE9A5FA4258AF268002D49F8 /* DataEditingViewController.swift */,
				EE382A1C25A1167900A6809F /* EmptyStateVC.swift */,
			);
			path = SEESAdmin;
			sourceTree = "<group>";
		};
		EE9B18A52581375100076769 /* Custom Views */ = {
			isa = PBXGroup;
			children = (
				EE4742AE258D3FB3009BC70E /* Cells */,
			);
			path = "Custom Views";
			sourceTree = "<group>";
		};
/* End PBXGroup section */

/* Begin PBXNativeTarget section */
		EE9468FD257DB3C400E9730A /* SEESAdmin */ = {
			isa = PBXNativeTarget;
			buildConfigurationList = EE946912257DB3C500E9730A /* Build configuration list for PBXNativeTarget "SEESAdmin" */;
			buildPhases = (
				A76DDCD4F0D336928C0862BB /* [CP] Check Pods Manifest.lock */,
				EE9468FA257DB3C400E9730A /* Sources */,
				EE9468FB257DB3C400E9730A /* Frameworks */,
				EE9468FC257DB3C400E9730A /* Resources */,
				B4822C986A93534B6B4DED84 /* [CP] Embed Pods Frameworks */,
			);
			buildRules = (
			);
			dependencies = (
			);
			name = SEESAdmin;
			productName = SEESAdmin;
			productReference = EE9468FE257DB3C400E9730A /* SEESAdmin.app */;
			productType = "com.apple.product-type.application";
		};
/* End PBXNativeTarget section */

/* Begin PBXProject section */
		EE9468F6257DB3C400E9730A /* Project object */ = {
			isa = PBXProject;
			attributes = {
				LastSwiftUpdateCheck = 1220;
				LastUpgradeCheck = 1220;
				TargetAttributes = {
					EE9468FD257DB3C400E9730A = {
						CreatedOnToolsVersion = 12.2;
					};
				};
			};
			buildConfigurationList = EE9468F9257DB3C400E9730A /* Build configuration list for PBXProject "SEESAdmin" */;
			compatibilityVersion = "Xcode 9.3";
			developmentRegion = en;
			hasScannedForEncodings = 0;
			knownRegions = (
				en,
				Base,
			);
			mainGroup = EE9468F5257DB3C400E9730A;
			productRefGroup = EE9468FF257DB3C400E9730A /* Products */;
			projectDirPath = "";
			projectRoot = "";
			targets = (
				EE9468FD257DB3C400E9730A /* SEESAdmin */,
			);
		};
/* End PBXProject section */

/* Begin PBXResourcesBuildPhase section */
		EE9468FC257DB3C400E9730A /* Resources */ = {
			isa = PBXResourcesBuildPhase;
			buildActionMask = 2147483647;
			files = (
				EE94690E257DB3C500E9730A /* LaunchScreen.storyboard in Resources */,
				EE946918257DB45000E9730A /* GoogleService-Info.plist in Resources */,
				EE94690B257DB3C500E9730A /* Assets.xcassets in Resources */,
				EE946909257DB3C400E9730A /* Main.storyboard in Resources */,
			);
			runOnlyForDeploymentPostprocessing = 0;
		};
/* End PBXResourcesBuildPhase section */

/* Begin PBXShellScriptBuildPhase section */
		A76DDCD4F0D336928C0862BB /* [CP] Check Pods Manifest.lock */ = {
			isa = PBXShellScriptBuildPhase;
			buildActionMask = 2147483647;
			files = (
			);
			inputFileListPaths = (
			);
			inputPaths = (
				"${PODS_PODFILE_DIR_PATH}/Podfile.lock",
				"${PODS_ROOT}/Manifest.lock",
			);
			name = "[CP] Check Pods Manifest.lock";
			outputFileListPaths = (
			);
			outputPaths = (
				"$(DERIVED_FILE_DIR)/Pods-SEESAdmin-checkManifestLockResult.txt",
			);
			runOnlyForDeploymentPostprocessing = 0;
			shellPath = /bin/sh;
			shellScript = "diff \"${PODS_PODFILE_DIR_PATH}/Podfile.lock\" \"${PODS_ROOT}/Manifest.lock\" > /dev/null\nif [ $? != 0 ] ; then\n    # print error to STDERR\n    echo \"error: The sandbox is not in sync with the Podfile.lock. Run 'pod install' or update your CocoaPods installation.\" >&2\n    exit 1\nfi\n# This output is used by Xcode 'outputs' to avoid re-running this script phase.\necho \"SUCCESS\" > \"${SCRIPT_OUTPUT_FILE_0}\"\n";
			showEnvVarsInLog = 0;
		};
		B4822C986A93534B6B4DED84 /* [CP] Embed Pods Frameworks */ = {
			isa = PBXShellScriptBuildPhase;
			buildActionMask = 2147483647;
			files = (
			);
			inputFileListPaths = (
				"${PODS_ROOT}/Target Support Files/Pods-SEESAdmin/Pods-SEESAdmin-frameworks-${CONFIGURATION}-input-files.xcfilelist",
			);
			name = "[CP] Embed Pods Frameworks";
			outputFileListPaths = (
				"${PODS_ROOT}/Target Support Files/Pods-SEESAdmin/Pods-SEESAdmin-frameworks-${CONFIGURATION}-output-files.xcfilelist",
			);
			runOnlyForDeploymentPostprocessing = 0;
			shellPath = /bin/sh;
			shellScript = "\"${PODS_ROOT}/Target Support Files/Pods-SEESAdmin/Pods-SEESAdmin-frameworks.sh\"\n";
			showEnvVarsInLog = 0;
		};
/* End PBXShellScriptBuildPhase section */

/* Begin PBXSourcesBuildPhase section */
		EE9468FA257DB3C400E9730A /* Sources */ = {
			isa = PBXSourcesBuildPhase;
			buildActionMask = 2147483647;
			files = (
				EE4742C9258D754C009BC70E /* NSRegularExpressionExt.swift in Sources */,
				EE96E00F258334AE00F4D4A3 /* UIViewExtension.swift in Sources */,
				EE382A1D25A1167900A6809F /* EmptyStateVC.swift in Sources */,
				EE71A532257EF75B002BA583 /* StringExt.swift in Sources */,
				EE55A51625A5126A001FFDB6 /* DataModel.swift in Sources */,
				EE052922257DE75800200184 /* SplitViewDelgate.swift in Sources */,
				EE55A51325A4EFE3001FFDB6 /* RACExt.swift in Sources */,
				EE96E00C2583349200F4D4A3 /* UIViewControllerExt.swift in Sources */,
				EE946906257DB3C400E9730A /* DataListViewController.swift in Sources */,
				EE4742C6258D6F0B009BC70E /* ValidationChecker.swift in Sources */,
				EE946902257DB3C400E9730A /* AppDelegate.swift in Sources */,
				EE9B18AA258172AC00076769 /* UIHelper.swift in Sources */,
				EE71A51E257EF5DB002BA583 /* NetworkManager.swift in Sources */,
				EE05291F257DE6F900200184 /* DataDetailViewController.swift in Sources */,
				EE71A533257EF75B002BA583 /* DateExt.swift in Sources */,
				EE946904257DB3C400E9730A /* SceneDelegate.swift in Sources */,
				EE05291B257DC30F00200184 /* SidebarViewController.swift in Sources */,
				EE3578BB25A8078E00B3AF24 /* SnapshotEXT.swift in Sources */,
				EE9A5FA5258AF268002D49F8 /* DataEditingViewController.swift in Sources */,
				EE71A52C257EF6A1002BA583 /* Enums.swift in Sources */,
				EE4742B0258D3FC2009BC70E /* TextFieldCell.swift in Sources */,
				EE4742B5258D4168009BC70E /* DatePickerCell.swift in Sources */,
			);
			runOnlyForDeploymentPostprocessing = 0;
		};
/* End PBXSourcesBuildPhase section */

/* Begin PBXVariantGroup section */
		EE946907257DB3C400E9730A /* Main.storyboard */ = {
			isa = PBXVariantGroup;
			children = (
				EE946908257DB3C400E9730A /* Base */,
			);
			name = Main.storyboard;
			sourceTree = "<group>";
		};
		EE94690C257DB3C500E9730A /* LaunchScreen.storyboard */ = {
			isa = PBXVariantGroup;
			children = (
				EE94690D257DB3C500E9730A /* Base */,
			);
			name = LaunchScreen.storyboard;
			sourceTree = "<group>";
		};
/* End PBXVariantGroup section */

/* Begin XCBuildConfiguration section */
		EE946910257DB3C500E9730A /* Debug */ = {
			isa = XCBuildConfiguration;
			buildSettings = {
				ALWAYS_SEARCH_USER_PATHS = NO;
				CLANG_ANALYZER_NONNULL = YES;
				CLANG_ANALYZER_NUMBER_OBJECT_CONVERSION = YES_AGGRESSIVE;
				CLANG_CXX_LANGUAGE_STANDARD = "gnu++14";
				CLANG_CXX_LIBRARY = "libc++";
				CLANG_ENABLE_MODULES = YES;
				CLANG_ENABLE_OBJC_ARC = YES;
				CLANG_ENABLE_OBJC_WEAK = YES;
				CLANG_WARN_BLOCK_CAPTURE_AUTORELEASING = YES;
				CLANG_WARN_BOOL_CONVERSION = YES;
				CLANG_WARN_COMMA = YES;
				CLANG_WARN_CONSTANT_CONVERSION = YES;
				CLANG_WARN_DEPRECATED_OBJC_IMPLEMENTATIONS = YES;
				CLANG_WARN_DIRECT_OBJC_ISA_USAGE = YES_ERROR;
				CLANG_WARN_DOCUMENTATION_COMMENTS = YES;
				CLANG_WARN_EMPTY_BODY = YES;
				CLANG_WARN_ENUM_CONVERSION = YES;
				CLANG_WARN_INFINITE_RECURSION = YES;
				CLANG_WARN_INT_CONVERSION = YES;
				CLANG_WARN_NON_LITERAL_NULL_CONVERSION = YES;
				CLANG_WARN_OBJC_IMPLICIT_RETAIN_SELF = YES;
				CLANG_WARN_OBJC_LITERAL_CONVERSION = YES;
				CLANG_WARN_OBJC_ROOT_CLASS = YES_ERROR;
				CLANG_WARN_QUOTED_INCLUDE_IN_FRAMEWORK_HEADER = YES;
				CLANG_WARN_RANGE_LOOP_ANALYSIS = YES;
				CLANG_WARN_STRICT_PROTOTYPES = YES;
				CLANG_WARN_SUSPICIOUS_MOVE = YES;
				CLANG_WARN_UNGUARDED_AVAILABILITY = YES_AGGRESSIVE;
				CLANG_WARN_UNREACHABLE_CODE = YES;
				CLANG_WARN__DUPLICATE_METHOD_MATCH = YES;
				COPY_PHASE_STRIP = NO;
				DEBUG_INFORMATION_FORMAT = dwarf;
				ENABLE_STRICT_OBJC_MSGSEND = YES;
				ENABLE_TESTABILITY = YES;
				"EXCLUDED_ARCHS[sdk=iphonesimulator*]" = arm64;
				GCC_C_LANGUAGE_STANDARD = gnu11;
				GCC_DYNAMIC_NO_PIC = NO;
				GCC_NO_COMMON_BLOCKS = YES;
				GCC_OPTIMIZATION_LEVEL = 0;
				GCC_PREPROCESSOR_DEFINITIONS = (
					"DEBUG=1",
					"$(inherited)",
				);
				GCC_WARN_64_TO_32_BIT_CONVERSION = YES;
				GCC_WARN_ABOUT_RETURN_TYPE = YES_ERROR;
				GCC_WARN_UNDECLARED_SELECTOR = YES;
				GCC_WARN_UNINITIALIZED_AUTOS = YES_AGGRESSIVE;
				GCC_WARN_UNUSED_FUNCTION = YES;
				GCC_WARN_UNUSED_VARIABLE = YES;
				IPHONEOS_DEPLOYMENT_TARGET = 14.2;
				MTL_ENABLE_DEBUG_INFO = INCLUDE_SOURCE;
				MTL_FAST_MATH = YES;
				ONLY_ACTIVE_ARCH = YES;
				SDKROOT = iphoneos;
				SWIFT_ACTIVE_COMPILATION_CONDITIONS = DEBUG;
				SWIFT_OPTIMIZATION_LEVEL = "-Onone";
			};
			name = Debug;
		};
		EE946911257DB3C500E9730A /* Release */ = {
			isa = XCBuildConfiguration;
			buildSettings = {
				ALWAYS_SEARCH_USER_PATHS = NO;
				CLANG_ANALYZER_NONNULL = YES;
				CLANG_ANALYZER_NUMBER_OBJECT_CONVERSION = YES_AGGRESSIVE;
				CLANG_CXX_LANGUAGE_STANDARD = "gnu++14";
				CLANG_CXX_LIBRARY = "libc++";
				CLANG_ENABLE_MODULES = YES;
				CLANG_ENABLE_OBJC_ARC = YES;
				CLANG_ENABLE_OBJC_WEAK = YES;
				CLANG_WARN_BLOCK_CAPTURE_AUTORELEASING = YES;
				CLANG_WARN_BOOL_CONVERSION = YES;
				CLANG_WARN_COMMA = YES;
				CLANG_WARN_CONSTANT_CONVERSION = YES;
				CLANG_WARN_DEPRECATED_OBJC_IMPLEMENTATIONS = YES;
				CLANG_WARN_DIRECT_OBJC_ISA_USAGE = YES_ERROR;
				CLANG_WARN_DOCUMENTATION_COMMENTS = YES;
				CLANG_WARN_EMPTY_BODY = YES;
				CLANG_WARN_ENUM_CONVERSION = YES;
				CLANG_WARN_INFINITE_RECURSION = YES;
				CLANG_WARN_INT_CONVERSION = YES;
				CLANG_WARN_NON_LITERAL_NULL_CONVERSION = YES;
				CLANG_WARN_OBJC_IMPLICIT_RETAIN_SELF = YES;
				CLANG_WARN_OBJC_LITERAL_CONVERSION = YES;
				CLANG_WARN_OBJC_ROOT_CLASS = YES_ERROR;
				CLANG_WARN_QUOTED_INCLUDE_IN_FRAMEWORK_HEADER = YES;
				CLANG_WARN_RANGE_LOOP_ANALYSIS = YES;
				CLANG_WARN_STRICT_PROTOTYPES = YES;
				CLANG_WARN_SUSPICIOUS_MOVE = YES;
				CLANG_WARN_UNGUARDED_AVAILABILITY = YES_AGGRESSIVE;
				CLANG_WARN_UNREACHABLE_CODE = YES;
				CLANG_WARN__DUPLICATE_METHOD_MATCH = YES;
				COPY_PHASE_STRIP = NO;
				DEBUG_INFORMATION_FORMAT = "dwarf-with-dsym";
				ENABLE_NS_ASSERTIONS = NO;
				ENABLE_STRICT_OBJC_MSGSEND = YES;
				"EXCLUDED_ARCHS[sdk=iphonesimulator*]" = arm64;
				GCC_C_LANGUAGE_STANDARD = gnu11;
				GCC_NO_COMMON_BLOCKS = YES;
				GCC_WARN_64_TO_32_BIT_CONVERSION = YES;
				GCC_WARN_ABOUT_RETURN_TYPE = YES_ERROR;
				GCC_WARN_UNDECLARED_SELECTOR = YES;
				GCC_WARN_UNINITIALIZED_AUTOS = YES_AGGRESSIVE;
				GCC_WARN_UNUSED_FUNCTION = YES;
				GCC_WARN_UNUSED_VARIABLE = YES;
				IPHONEOS_DEPLOYMENT_TARGET = 14.2;
				MTL_ENABLE_DEBUG_INFO = NO;
				MTL_FAST_MATH = YES;
				SDKROOT = iphoneos;
				SWIFT_COMPILATION_MODE = wholemodule;
				SWIFT_OPTIMIZATION_LEVEL = "-O";
				VALIDATE_PRODUCT = YES;
			};
			name = Release;
		};
		EE946913257DB3C500E9730A /* Debug */ = {
			isa = XCBuildConfiguration;
			baseConfigurationReference = AB48D3F23D94C8A97611B696 /* Pods-SEESAdmin.debug.xcconfig */;
			buildSettings = {
				ASSETCATALOG_COMPILER_APPICON_NAME = AppIcon;
				ASSETCATALOG_COMPILER_GLOBAL_ACCENT_COLOR_NAME = AccentColor;
				CODE_SIGN_STYLE = Automatic;
				DEVELOPMENT_TEAM = 2PZN25HHY7;
				INFOPLIST_FILE = SEESAdmin/Info.plist;
				LD_RUNPATH_SEARCH_PATHS = (
					"$(inherited)",
					"@executable_path/Frameworks",
				);
				PRODUCT_BUNDLE_IDENTIFIER = com.robertparsonsdev.SEESAdmin;
				PRODUCT_NAME = "$(TARGET_NAME)";
				SWIFT_VERSION = 5.0;
				TARGETED_DEVICE_FAMILY = 2;
			};
			name = Debug;
		};
		EE946914257DB3C500E9730A /* Release */ = {
			isa = XCBuildConfiguration;
			baseConfigurationReference = 6F5B050ABFD64E46A3B5DB2D /* Pods-SEESAdmin.release.xcconfig */;
			buildSettings = {
				ASSETCATALOG_COMPILER_APPICON_NAME = AppIcon;
				ASSETCATALOG_COMPILER_GLOBAL_ACCENT_COLOR_NAME = AccentColor;
				CODE_SIGN_STYLE = Automatic;
				DEVELOPMENT_TEAM = 2PZN25HHY7;
				INFOPLIST_FILE = SEESAdmin/Info.plist;
				LD_RUNPATH_SEARCH_PATHS = (
					"$(inherited)",
					"@executable_path/Frameworks",
				);
				PRODUCT_BUNDLE_IDENTIFIER = com.robertparsonsdev.SEESAdmin;
				PRODUCT_NAME = "$(TARGET_NAME)";
				SWIFT_VERSION = 5.0;
				TARGETED_DEVICE_FAMILY = 2;
			};
			name = Release;
		};
/* End XCBuildConfiguration section */

/* Begin XCConfigurationList section */
		EE9468F9257DB3C400E9730A /* Build configuration list for PBXProject "SEESAdmin" */ = {
			isa = XCConfigurationList;
			buildConfigurations = (
				EE946910257DB3C500E9730A /* Debug */,
				EE946911257DB3C500E9730A /* Release */,
			);
			defaultConfigurationIsVisible = 0;
			defaultConfigurationName = Release;
		};
		EE946912257DB3C500E9730A /* Build configuration list for PBXNativeTarget "SEESAdmin" */ = {
			isa = XCConfigurationList;
			buildConfigurations = (
				EE946913257DB3C500E9730A /* Debug */,
				EE946914257DB3C500E9730A /* Release */,
			);
			defaultConfigurationIsVisible = 0;
			defaultConfigurationName = Release;
		};
/* End XCConfigurationList section */
	};
	rootObject = EE9468F6257DB3C400E9730A /* Project object */;
}
